
Microsoft Visual Studio Solution File, Format Version 12.00
# Visual Studio Version 16
VisualStudioVersion = 16.0.31005.135
MinimumVisualStudioVersion = 10.0.40219.1
Project("{9A19103F-16F7-4668-BE54-9A1E7A4F7556}") = "Business", "Business\Business.csproj", "{950CD3EF-6E32-4FFF-BB35-E660D071270F}"
EndProject
Project("{9A19103F-16F7-4668-BE54-9A1E7A4F7556}") = "DataAccess", "DataAccess\DataAccess.csproj", "{0555EB09-8E12-4CA5-96A4-B38A6693F27B}"
EndProject
Project("{9A19103F-16F7-4668-BE54-9A1E7A4F7556}") = "Entities", "Entities\Entities.csproj", "{336F96F3-7BB0-40F4-B122-7FB65E0F798E}"
EndProject
Project("{9A19103F-16F7-4668-BE54-9A1E7A4F7556}") = "Core", "Core\Core.csproj", "{00943859-74A9-4676-8BD5-47C4C5DC76B8}"
EndProject
Project("{9A19103F-16F7-4668-BE54-9A1E7A4F7556}") = "WebAPI", "WebAPI\WebAPI.csproj", "{CD337E3B-F62C-4EF2-B1E4-4E32A1C95179}"
EndProject
Global
	GlobalSection(SolutionConfigurationPlatforms) = preSolution
		Debug|Any CPU = Debug|Any CPU
		Release|Any CPU = Release|Any CPU
	EndGlobalSection
	GlobalSection(ProjectConfigurationPlatforms) = postSolution
		{950CD3EF-6E32-4FFF-BB35-E660D071270F}.Debug|Any CPU.ActiveCfg = Debug|Any CPU
		{950CD3EF-6E32-4FFF-BB35-E660D071270F}.Debug|Any CPU.Build.0 = Debug|Any CPU
		{950CD3EF-6E32-4FFF-BB35-E660D071270F}.Release|Any CPU.ActiveCfg = Release|Any CPU
		{950CD3EF-6E32-4FFF-BB35-E660D071270F}.Release|Any CPU.Build.0 = Release|Any CPU
		{0555EB09-8E12-4CA5-96A4-B38A6693F27B}.Debug|Any CPU.ActiveCfg = Debug|Any CPU
		{0555EB09-8E12-4CA5-96A4-B38A6693F27B}.Debug|Any CPU.Build.0 = Debug|Any CPU
		{0555EB09-8E12-4CA5-96A4-B38A6693F27B}.Release|Any CPU.ActiveCfg = Release|Any CPU
		{0555EB09-8E12-4CA5-96A4-B38A6693F27B}.Release|Any CPU.Build.0 = Release|Any CPU
		{336F96F3-7BB0-40F4-B122-7FB65E0F798E}.Debug|Any CPU.ActiveCfg = Debug|Any CPU
		{336F96F3-7BB0-40F4-B122-7FB65E0F798E}.Debug|Any CPU.Build.0 = Debug|Any CPU
		{336F96F3-7BB0-40F4-B122-7FB65E0F798E}.Release|Any CPU.ActiveCfg = Release|Any CPU
		{336F96F3-7BB0-40F4-B122-7FB65E0F798E}.Release|Any CPU.Build.0 = Release|Any CPU
		{00943859-74A9-4676-8BD5-47C4C5DC76B8}.Debug|Any CPU.ActiveCfg = Debug|Any CPU
		{00943859-74A9-4676-8BD5-47C4C5DC76B8}.Debug|Any CPU.Build.0 = Debug|Any CPU
		{00943859-74A9-4676-8BD5-47C4C5DC76B8}.Release|Any CPU.ActiveCfg = Release|Any CPU
		{00943859-74A9-4676-8BD5-47C4C5DC76B8}.Release|Any CPU.Build.0 = Release|Any CPU
		{CD337E3B-F62C-4EF2-B1E4-4E32A1C95179}.Debug|Any CPU.ActiveCfg = Debug|Any CPU
		{CD337E3B-F62C-4EF2-B1E4-4E32A1C95179}.Debug|Any CPU.Build.0 = Debug|Any CPU
		{CD337E3B-F62C-4EF2-B1E4-4E32A1C95179}.Release|Any CPU.ActiveCfg = Release|Any CPU
		{CD337E3B-F62C-4EF2-B1E4-4E32A1C95179}.Release|Any CPU.Build.0 = Release|Any CPU
	EndGlobalSection
	GlobalSection(SolutionProperties) = preSolution
		HideSolutionNode = FALSE
	EndGlobalSection
	GlobalSection(ExtensibilityGlobals) = postSolution
		SolutionGuid = {7B8AF665-955C-4EA1-994A-C1232B8E0338}
	EndGlobalSection
EndGlobal
